// !$*UTF8*$!
{
	archiveVersion = 1;
	classes = {
	};
	objectVersion = 46;
	objects = {

/* Begin PBXBuildFile section */
		5B2381C71EB32EF9001E140E /* AppDelegate.swift in Sources */ = {isa = PBXBuildFile; fileRef = 5B2381C61EB32EF9001E140E /* AppDelegate.swift */; };
		5B2381C91EB32EF9001E140E /* ViewController.swift in Sources */ = {isa = PBXBuildFile; fileRef = 5B2381C81EB32EF9001E140E /* ViewController.swift */; };
		5B2381CC1EB32EF9001E140E /* Main.storyboard in Resources */ = {isa = PBXBuildFile; fileRef = 5B2381CA1EB32EF9001E140E /* Main.storyboard */; };
		5B2381CE1EB32EF9001E140E /* Assets.xcassets in Resources */ = {isa = PBXBuildFile; fileRef = 5B2381CD1EB32EF9001E140E /* Assets.xcassets */; };
		5B2381D11EB32EF9001E140E /* LaunchScreen.storyboard in Resources */ = {isa = PBXBuildFile; fileRef = 5B2381CF1EB32EF9001E140E /* LaunchScreen.storyboard */; };
/* End PBXBuildFile section */

/* Begin PBXFileReference section */
		5B2381C31EB32EF9001E140E /* API-Client.app */ = {isa = PBXFileReference; explicitFileType = wrapper.application; includeInIndex = 0; path = "API-Client.app"; sourceTree = BUILT_PRODUCTS_DIR; };
		5B2381C61EB32EF9001E140E /* AppDelegate.swift */ = {isa = PBXFileReference; lastKnownFileType = sourcecode.swift; path = AppDelegate.swift; sourceTree = "<group>"; };
		5B2381C81EB32EF9001E140E /* ViewController.swift */ = {isa = PBXFileReference; lastKnownFileType = sourcecode.swift; path = ViewController.swift; sourceTree = "<group>"; };
		5B2381CB1EB32EF9001E140E /* Base */ = {isa = PBXFileReference; lastKnownFileType = file.storyboard; name = Base; path = Base.lproj/Main.storyboard; sourceTree = "<group>"; };
		5B2381CD1EB32EF9001E140E /* Assets.xcassets */ = {isa = PBXFileReference; lastKnownFileType = folder.assetcatalog; path = Assets.xcassets; sourceTree = "<group>"; };
		5B2381D01EB32EF9001E140E /* Base */ = {isa = PBXFileReference; lastKnownFileType = file.storyboard; name = Base; path = Base.lproj/LaunchScreen.storyboard; sourceTree = "<group>"; };
		5B2381D21EB32EF9001E140E /* Info.plist */ = {isa = PBXFileReference; lastKnownFileType = text.plist.xml; path = Info.plist; sourceTree = "<group>"; };
/* End PBXFileReference section */

/* Begin PBXFrameworksBuildPhase section */
		5B2381C01EB32EF9001E140E /* Frameworks */ = {
			isa = PBXFrameworksBuildPhase;
			buildActionMask = 2147483647;
			files = (
			);
			runOnlyForDeploymentPostprocessing = 0;
		};
/* End PBXFrameworksBuildPhase section */

/* Begin PBXGroup section */
		5B2381BA1EB32EF9001E140E = {
			isa = PBXGroup;
			children = (
				5B2381C51EB32EF9001E140E /* API-Client */,
				5B2381C41EB32EF9001E140E /* Products */,
			);
			sourceTree = "<group>";
		};
		5B2381C41EB32EF9001E140E /* Products */ = {
			isa = PBXGroup;
			children = (
				5B2381C31EB32EF9001E140E /* API-Client.app */,
			);
			name = Products;
			sourceTree = "<group>";
		};
		5B2381C51EB32EF9001E140E /* API-Client */ = {
			isa = PBXGroup;
			children = (
				5B2381C61EB32EF9001E140E /* AppDelegate.swift */,
				5B2381C81EB32EF9001E140E /* ViewController.swift */,
				5B2381CA1EB32EF9001E140E /* Main.storyboard */,
				5B2381CD1EB32EF9001E140E /* Assets.xcassets */,
				5B2381CF1EB32EF9001E140E /* LaunchScreen.storyboard */,
				5B2381D21EB32EF9001E140E /* Info.plist */,
			);
			path = "API-Client";
			sourceTree = "<group>";
		};
/* End PBXGroup section */

/* Begin PBXNativeTarget section */
		5B2381C21EB32EF9001E140E /* API-Client */ = {
			isa = PBXNativeTarget;
			buildConfigurationList = 5B2381D51EB32EF9001E140E /* Build configuration list for PBXNativeTarget "API-Client" */;
			buildPhases = (
				5B2381BF1EB32EF9001E140E /* Sources */,
				5B2381C01EB32EF9001E140E /* Frameworks */,
				5B2381C11EB32EF9001E140E /* Resources */,
			);
			buildRules = (
			);
			dependencies = (
			);
			name = "API-Client";
			productName = "API-Client";
			productReference = 5B2381C31EB32EF9001E140E /* API-Client.app */;
			productType = "com.apple.product-type.application";
		};
/* End PBXNativeTarget section */

/* Begin PBXProject section */
		5B2381BB1EB32EF9001E140E /* Project object */ = {
			isa = PBXProject;
			attributes = {
				LastSwiftUpdateCheck = 0830;
				LastUpgradeCheck = 0830;
				ORGANIZATIONNAME = "Victor  Adu";
				TargetAttributes = {
					5B2381C21EB32EF9001E140E = {
						CreatedOnToolsVersion = 8.3.2;
						ProvisioningStyle = Automatic;
					};
				};
			};
			buildConfigurationList = 5B2381BE1EB32EF9001E140E /* Build configuration list for PBXProject "API-Client" */;
			compatibilityVersion = "Xcode 3.2";
			developmentRegion = English;
			hasScannedForEncodings = 0;
			knownRegions = (
				en,
				Base,
			);
			mainGroup = 5B2381BA1EB32EF9001E140E;
			productRefGroup = 5B2381C41EB32EF9001E140E /* Products */;
			projectDirPath = "";
			projectRoot = "";
			targets = (
				5B2381C21EB32EF9001E140E /* API-Client */,
			);
		};
/* End PBXProject section */

/* Begin PBXResourcesBuildPhase section */
		5B2381C11EB32EF9001E140E /* Resources */ = {
			isa = PBXResourcesBuildPhase;
			buildActionMask = 2147483647;
			files = (
				5B2381D11EB32EF9001E140E /* LaunchScreen.storyboard in Resources */,
				5B2381CE1EB32EF9001E140E /* Assets.xcassets in Resources */,
				5B2381CC1EB32EF9001E140E /* Main.storyboard in Resources */,
			);
			runOnlyForDeploymentPostprocessing = 0;
		};
/* End PBXResourcesBuildPhase section */

/* Begin PBXSourcesBuildPhase section */
		5B2381BF1EB32EF9001E140E /* Sources */ = {
			isa = PBXSourcesBuildPhase;
			buildActionMask = 2147483647;
			files = (
				5B2381C91EB32EF9001E140E /* ViewController.swift in Sources */,
				5B2381C71EB32EF9001E140E /* AppDelegate.swift in Sources */,
			);
			runOnlyForDeploymentPostprocessing = 0;
		};
/* End PBXSourcesBuildPhase section */

/* Begin PBXVariantGroup section */
		5B2381CA1EB32EF9001E140E /* Main.storyboard */ = {
			isa = PBXVariantGroup;
			children = (
				5B2381CB1EB32EF9001E140E /* Base */,
			);
			name = Main.storyboard;
			sourceTree = "<group>";
		};
		5B2381CF1EB32EF9001E140E /* LaunchScreen.storyboard */ = {
			isa = PBXVariantGroup;
			children = (
				5B2381D01EB32EF9001E140E /* Base */,
			);
			name = LaunchScreen.storyboard;
			sourceTree = "<group>";
		};
/* End PBXVariantGroup section */

/* Begin XCBuildConfiguration section */
		5B2381D31EB32EF9001E140E /* Debug */ = {
			isa = XCBuildConfiguration;
			buildSettings = {
				ALWAYS_SEARCH_USER_PATHS = NO;
				CLANG_ANALYZER_NONNULL = YES;
				CLANG_ANALYZER_NUMBER_OBJECT_CONVERSION = YES_AGGRESSIVE;
				CLANG_CXX_LANGUAGE_STANDARD = "gnu++0x";
				CLANG_CXX_LIBRARY = "libc++";
				CLANG_ENABLE_MODULES = YES;
				CLANG_ENABLE_OBJC_ARC = YES;
				CLANG_WARN_BOOL_CONVERSION = YES;
				CLANG_WARN_CONSTANT_CONVERSION = YES;
				CLANG_WARN_DIRECT_OBJC_ISA_USAGE = YES_ERROR;
				CLANG_WARN_DOCUMENTATION_COMMENTS = YES;
				CLANG_WARN_EMPTY_BODY = YES;
				CLANG_WARN_ENUM_CONVERSION = YES;
				CLANG_WARN_INFINITE_RECURSION = YES;
				CLANG_WARN_INT_CONVERSION = YES;
				CLANG_WARN_OBJC_ROOT_CLASS = YES_ERROR;
				CLANG_WARN_SUSPICIOUS_MOVE = YES;
				CLANG_WARN_UNREACHABLE_CODE = YES;
				CLANG_WARN__DUPLICATE_METHOD_MATCH = YES;
				"CODE_SIGN_IDENTITY[sdk=iphoneos*]" = "iPhone Developer";
				COPY_PHASE_STRIP = NO;
				DEBUG_INFORMATION_FORMAT = dwarf;
				ENABLE_STRICT_OBJC_MSGSEND = YES;
				ENABLE_TESTABILITY = YES;
				GCC_C_LANGUAGE_STANDARD = gnu99;
				GCC_DYNAMIC_NO_PIC = NO;
				GCC_NO_COMMON_BLOCKS = YES;
				GCC_OPTIMIZATION_LEVEL = 0;
				GCC_PREPROCESSOR_DEFINITIONS = (
					"DEBUG=1",
					"$(inherited)",
				);
				GCC_WARN_64_TO_32_BIT_CONVERSION = YES;
				GCC_WARN_ABOUT_RETURN_TYPE = YES_ERROR;
				GCC_WARN_UNDECLARED_SELECTOR = YES;
				GCC_WARN_UNINITIALIZED_AUTOS = YES_AGGRESSIVE;
				GCC_WARN_UNUSED_FUNCTION = YES;
				GCC_WARN_UNUSED_VARIABLE = YES;
				IPHONEOS_DEPLOYMENT_TARGET = 10.3;
				MTL_ENABLE_DEBUG_INFO = YES;
				ONLY_ACTIVE_ARCH = YES;
				SDKROOT = iphoneos;
				SWIFT_ACTIVE_COMPILATION_CONDITIONS = DEBUG;
				SWIFT_OPTIMIZATION_LEVEL = "-Onone";
			};
			name = Debug;
		};
		5B2381D41EB32EF9001E140E /* Release */ = {
			isa = XCBuildConfiguration;
			buildSettings = {
				ALWAYS_SEARCH_USER_PATHS = NO;
				CLANG_ANALYZER_NONNULL = YES;
				CLANG_ANALYZER_NUMBER_OBJECT_CONVERSION = YES_AGGRESSIVE;
				CLANG_CXX_LANGUAGE_STANDARD = "gnu++0x";
				CLANG_CXX_LIBRARY = "libc++";
				CLANG_ENABLE_MODULES = YES;
				CLANG_ENABLE_OBJC_ARC = YES;
				CLANG_WARN_BOOL_CONVERSION = YES;
				CLANG_WARN_CONSTANT_CONVERSION = YES;
				CLANG_WARN_DIRECT_OBJC_ISA_USAGE = YES_ERROR;
				CLANG_WARN_DOCUMENTATION_COMMENTS = YES;
				CLANG_WARN_EMPTY_BODY = YES;
				CLANG_WARN_ENUM_CONVERSION = YES;
				CLANG_WARN_INFINITE_RECURSION = YES;
				CLANG_WARN_INT_CONVERSION = YES;
				CLANG_WARN_OBJC_ROOT_CLASS = YES_ERROR;
				CLANG_WARN_SUSPICIOUS_MOVE = YES;
				CLANG_WARN_UNREACHABLE_CODE = YES;
				CLANG_WARN__DUPLICATE_METHOD_MATCH = YES;
				"CODE_SIGN_IDENTITY[sdk=iphoneos*]" = "iPhone Developer";
				COPY_PHASE_STRIP = NO;
				DEBUG_INFORMATION_FORMAT = "dwarf-with-dsym";
				ENABLE_NS_ASSERTIONS = NO;
				ENABLE_STRICT_OBJC_MSGSEND = YES;
				GCC_C_LANGUAGE_STANDARD = gnu99;
				GCC_NO_COMMON_BLOCKS = YES;
				GCC_WARN_64_TO_32_BIT_CONVERSION = YES;
				GCC_WARN_ABOUT_RETURN_TYPE = YES_ERROR;
				GCC_WARN_UNDECLARED_SELECTOR = YES;
				GCC_WARN_UNINITIALIZED_AUTOS = YES_AGGRESSIVE;
				GCC_WARN_UNUSED_FUNCTION = YES;
				GCC_WARN_UNUSED_VARIABLE = YES;
				IPHONEOS_DEPLOYMENT_TARGET = 10.3;
				MTL_ENABLE_DEBUG_INFO = NO;
				SDKROOT = iphoneos;
				SWIFT_OPTIMIZATION_LEVEL = "-Owholemodule";
				VALIDATE_PRODUCT = YES;
			};
			name = Release;
		};
		5B2381D61EB32EF9001E140E /* Debug */ = {
			isa = XCBuildConfiguration;
			buildSettings = {
				ASSETCATALOG_COMPILER_APPICON_NAME = AppIcon;
				INFOPLIST_FILE = "API-Client/Info.plist";
				LD_RUNPATH_SEARCH_PATHS = "$(inherited) @executable_path/Frameworks";
				PRODUCT_BUNDLE_IDENTIFIER = "com.vickswift.API-Client";
				PRODUCT_NAME = "$(TARGET_NAME)";
				SWIFT_VERSION = 3.0;
			};
			name = Debug;
		};
		5B2381D71EB32EF9001E140E /* Release */ = {
			isa = XCBuildConfiguration;
			buildSettings = {
				ASSETCATALOG_COMPILER_APPICON_NAME = AppIcon;
				INFOPLIST_FILE = "API-Client/Info.plist";
				LD_RUNPATH_SEARCH_PATHS = "$(inherited) @executable_path/Frameworks";
				PRODUCT_BUNDLE_IDENTIFIER = "com.vickswift.API-Client";
				PRODUCT_NAME = "$(TARGET_NAME)";
				SWIFT_VERSION = 3.0;
			};
			name = Release;
		};
/* End XCBuildConfiguration section */

/* Begin XCConfigurationList section */
		5B2381BE1EB32EF9001E140E /* Build configuration list for PBXProject "API-Client" */ = {
			isa = XCConfigurationList;
			buildConfigurations = (
				5B2381D31EB32EF9001E140E /* Debug */,
				5B2381D41EB32EF9001E140E /* Release */,
			);
			defaultConfigurationIsVisible = 0;
			defaultConfigurationName = Release;
		};
		5B2381D51EB32EF9001E140E /* Build configuration list for PBXNativeTarget "API-Client" */ = {
			isa = XCConfigurationList;
			buildConfigurations = (
				5B2381D61EB32EF9001E140E /* Debug */,
				5B2381D71EB32EF9001E140E /* Release */,
			);
			defaultConfigurationIsVisible = 0;
		};
/* End XCConfigurationList section */
	};
	rootObject = 5B2381BB1EB32EF9001E140E /* Project object */;
}
